{
  "version": 4,
  "terraform_version": "1.0.5",
  "serial": 33,
  "lineage": "4b30b26c-5618-b496-f458-aee4cbfc2bc5",
  "outputs": {
    "main_subnetwork_id": {
      "value": "projects/chmurki-329715/regions/europe-west3/subnetworks/servers2",
      "type": "string"
    },
    "main_subnetwork_self_link": {
      "value": "https://www.googleapis.com/compute/v1/projects/chmurki-329715/regions/europe-west3/subnetworks/servers2",
      "type": "string"
    },
    "server_instance_name": {
      "value": "myserver2",
      "type": "string"
    },
    "server_ip_private_address": {
      "value": "10.0.42.42",
      "type": "string"
    },
    "server_ip_public_address": {
      "value": "34.159.238.149",
      "type": "string"
    }
  },
  "resources": [
    {
      "mode": "managed",
      "type": "google_compute_address",
      "name": "private_ip2",
      "provider": "provider[\"registry.terraform.io/hashicorp/google\"]",
      "instances": [
        {
          "schema_version": 0,
          "attributes": {
            "address": "10.0.42.42",
            "address_type": "INTERNAL",
            "creation_timestamp": "2021-11-28T14:09:20.891-08:00",
            "description": "",
            "id": "projects/chmurki-329715/regions/europe-west3/addresses/private-server-ip2",
            "name": "private-server-ip2",
            "network": "",
            "network_tier": "PREMIUM",
            "prefix_length": 0,
            "project": "chmurki-329715",
            "purpose": "GCE_ENDPOINT",
            "region": "europe-west3",
            "self_link": "https://www.googleapis.com/compute/v1/projects/chmurki-329715/regions/europe-west3/addresses/private-server-ip2",
            "subnetwork": "https://www.googleapis.com/compute/v1/projects/chmurki-329715/regions/europe-west3/subnetworks/servers2",
            "timeouts": null,
            "users": [
              "https://www.googleapis.com/compute/v1/projects/chmurki-329715/zones/europe-west3-a/instances/myserver2"
            ]
          },
          "sensitive_attributes": [],
          "private": "eyJlMmJmYjczMC1lY2FhLTExZTYtOGY4OC0zNDM2M2JjN2M0YzAiOnsiY3JlYXRlIjoyNDAwMDAwMDAwMDAsImRlbGV0ZSI6MjQwMDAwMDAwMDAwfX0=",
          "dependencies": [
            "google_compute_network.main_network2",
            "google_compute_subnetwork.main_subnetwork2"
          ]
        }
      ]
    },
    {
      "mode": "managed",
      "type": "google_compute_address",
      "name": "public_ip2",
      "provider": "provider[\"registry.terraform.io/hashicorp/google\"]",
      "instances": [
        {
          "schema_version": 0,
          "attributes": {
            "address": "34.159.238.149",
            "address_type": "EXTERNAL",
            "creation_timestamp": "2021-11-28T13:35:52.801-08:00",
            "description": "",
            "id": "projects/chmurki-329715/regions/europe-west3/addresses/public-server-ip2",
            "name": "public-server-ip2",
            "network": "",
            "network_tier": "PREMIUM",
            "prefix_length": 0,
            "project": "chmurki-329715",
            "purpose": "",
            "region": "europe-west3",
            "self_link": "https://www.googleapis.com/compute/v1/projects/chmurki-329715/regions/europe-west3/addresses/public-server-ip2",
            "subnetwork": "",
            "timeouts": null,
            "users": [
              "https://www.googleapis.com/compute/v1/projects/chmurki-329715/zones/europe-west3-a/instances/myserver2"
            ]
          },
          "sensitive_attributes": [],
          "private": "eyJlMmJmYjczMC1lY2FhLTExZTYtOGY4OC0zNDM2M2JjN2M0YzAiOnsiY3JlYXRlIjoyNDAwMDAwMDAwMDAsImRlbGV0ZSI6MjQwMDAwMDAwMDAwfX0="
        }
      ]
    },
    {
      "mode": "managed",
      "type": "google_compute_firewall",
      "name": "firewall2",
      "provider": "provider[\"registry.terraform.io/hashicorp/google\"]",
      "instances": [
        {
          "schema_version": 1,
          "attributes": {
            "allow": [
              {
                "ports": [
                  "80",
                  "443"
                ],
                "protocol": "tcp"
              },
              {
                "ports": [
                  "80",
                  "443"
                ],
                "protocol": "udp"
              }
            ],
            "creation_timestamp": "2021-11-28T14:28:05.462-08:00",
            "deny": [],
            "description": "",
            "destination_ranges": [],
            "direction": "INGRESS",
            "disabled": false,
            "enable_logging": null,
            "id": "projects/chmurki-329715/global/firewalls/my-firewall-rules2",
            "log_config": [],
            "name": "my-firewall-rules2",
            "network": "https://www.googleapis.com/compute/v1/projects/chmurki-329715/global/networks/main2",
            "priority": 1000,
            "project": "chmurki-329715",
            "self_link": "https://www.googleapis.com/compute/v1/projects/chmurki-329715/global/firewalls/my-firewall-rules2",
            "source_ranges": [
              "0.0.0.0/0"
            ],
            "source_service_accounts": null,
            "source_tags": null,
            "target_service_accounts": null,
            "target_tags": [
              "allow-http"
            ],
            "timeouts": null
          },
          "sensitive_attributes": [],
          "private": "eyJlMmJmYjczMC1lY2FhLTExZTYtOGY4OC0zNDM2M2JjN2M0YzAiOnsiY3JlYXRlIjoyNDAwMDAwMDAwMDAsImRlbGV0ZSI6MjQwMDAwMDAwMDAwLCJ1cGRhdGUiOjI0MDAwMDAwMDAwMH0sInNjaGVtYV92ZXJzaW9uIjoiMSJ9",
          "dependencies": [
            "google_compute_network.main_network2"
          ]
        }
      ]
    },
    {
      "mode": "managed",
      "type": "google_compute_instance",
      "name": "main_server2",
      "provider": "provider[\"registry.terraform.io/hashicorp/google\"]",
      "instances": [
        {
          "schema_version": 6,
          "attributes": {
            "advanced_machine_features": [],
            "allow_stopping_for_update": null,
            "attached_disk": [],
            "boot_disk": [
              {
                "auto_delete": true,
                "device_name": "persistent-disk-0",
                "disk_encryption_key_raw": "",
                "disk_encryption_key_sha256": "",
                "initialize_params": [
                  {
                    "image": "https://www.googleapis.com/compute/v1/projects/debian-cloud/global/images/debian-11-bullseye-v20211105",
                    "labels": {},
                    "size": 10,
                    "type": "pd-standard"
                  }
                ],
                "kms_key_self_link": "",
                "mode": "READ_WRITE",
                "source": "https://www.googleapis.com/compute/v1/projects/chmurki-329715/zones/europe-west3-a/disks/myserver2"
              }
            ],
            "can_ip_forward": false,
            "confidential_instance_config": [],
            "cpu_platform": "Intel Broadwell",
            "current_status": "RUNNING",
            "deletion_protection": false,
            "description": "",
            "desired_status": null,
            "enable_display": false,
            "guest_accelerator": [],
            "hostname": "",
            "id": "projects/chmurki-329715/zones/europe-west3-a/instances/myserver2",
            "instance_id": "2360047621408440475",
            "label_fingerprint": "42WmSpB8rSM=",
            "labels": {},
            "machine_type": "f1-micro",
            "metadata": {},
            "metadata_fingerprint": "kKLTxWmh2hI=",
            "metadata_startup_script": null,
            "min_cpu_platform": "",
            "name": "myserver2",
            "network_interface": [
              {
                "access_config": [
                  {
                    "nat_ip": "34.159.238.149",
                    "network_tier": "PREMIUM",
                    "public_ptr_domain_name": ""
                  }
                ],
                "alias_ip_range": [],
                "ipv6_access_config": [],
                "ipv6_access_type": "",
                "name": "nic0",
                "network": "https://www.googleapis.com/compute/v1/projects/chmurki-329715/global/networks/main2",
                "network_ip": "10.0.42.42",
                "nic_type": "",
                "stack_type": "IPV4_ONLY",
                "subnetwork": "https://www.googleapis.com/compute/v1/projects/chmurki-329715/regions/europe-west3/subnetworks/servers2",
                "subnetwork_project": "chmurki-329715"
              }
            ],
            "project": "chmurki-329715",
            "reservation_affinity": [],
            "resource_policies": [],
            "scheduling": [
              {
                "automatic_restart": true,
                "min_node_cpus": 0,
                "node_affinities": [],
                "on_host_maintenance": "MIGRATE",
                "preemptible": false
              }
            ],
            "scratch_disk": [],
            "self_link": "https://www.googleapis.com/compute/v1/projects/chmurki-329715/zones/europe-west3-a/instances/myserver2",
            "service_account": [],
            "shielded_instance_config": [
              {
                "enable_integrity_monitoring": true,
                "enable_secure_boot": false,
                "enable_vtpm": true
              }
            ],
            "tags": [
              "allow-http",
              "http-server",
              "https-server"
            ],
            "tags_fingerprint": "PhZSlEh1qrg=",
            "timeouts": null,
            "zone": "europe-west3-a"
          },
          "sensitive_attributes": [],
          "private": "eyJlMmJmYjczMC1lY2FhLTExZTYtOGY4OC0zNDM2M2JjN2M0YzAiOnsiY3JlYXRlIjoxMjAwMDAwMDAwMDAwLCJkZWxldGUiOjEyMDAwMDAwMDAwMDAsInVwZGF0ZSI6MTIwMDAwMDAwMDAwMH0sInNjaGVtYV92ZXJzaW9uIjoiNiJ9",
          "dependencies": [
            "google_compute_address.public_ip2",
            "google_compute_network.main_network2",
            "google_compute_subnetwork.main_subnetwork2",
            "google_compute_address.private_ip2"
          ]
        }
      ]
    },
    {
      "mode": "managed",
      "type": "google_compute_network",
      "name": "main_network2",
      "provider": "provider[\"registry.terraform.io/hashicorp/google\"]",
      "instances": [
        {
          "schema_version": 0,
          "attributes": {
            "auto_create_subnetworks": true,
            "delete_default_routes_on_create": false,
            "description": "",
            "gateway_ipv4": "",
            "id": "projects/chmurki-329715/global/networks/main2",
            "mtu": 0,
            "name": "main2",
            "project": "chmurki-329715",
            "routing_mode": "REGIONAL",
            "self_link": "https://www.googleapis.com/compute/v1/projects/chmurki-329715/global/networks/main2",
            "timeouts": null
          },
          "sensitive_attributes": [],
          "private": "eyJlMmJmYjczMC1lY2FhLTExZTYtOGY4OC0zNDM2M2JjN2M0YzAiOnsiY3JlYXRlIjoyNDAwMDAwMDAwMDAsImRlbGV0ZSI6MjQwMDAwMDAwMDAwLCJ1cGRhdGUiOjI0MDAwMDAwMDAwMH19"
        }
      ]
    },
    {
      "mode": "managed",
      "type": "google_compute_subnetwork",
      "name": "main_subnetwork2",
      "provider": "provider[\"registry.terraform.io/hashicorp/google\"]",
      "instances": [
        {
          "schema_version": 0,
          "attributes": {
            "creation_timestamp": "2021-11-28T14:08:58.292-08:00",
            "description": "",
            "external_ipv6_prefix": "",
            "fingerprint": null,
            "gateway_address": "10.0.0.1",
            "id": "projects/chmurki-329715/regions/europe-west3/subnetworks/servers2",
            "ip_cidr_range": "10.0.0.0/16",
            "ipv6_access_type": "",
            "ipv6_cidr_range": "",
            "log_config": [],
            "name": "servers2",
            "network": "https://www.googleapis.com/compute/v1/projects/chmurki-329715/global/networks/main2",
            "private_ip_google_access": false,
            "private_ipv6_google_access": "DISABLE_GOOGLE_ACCESS",
            "project": "chmurki-329715",
            "purpose": "PRIVATE",
            "region": "europe-west3",
            "role": "",
            "secondary_ip_range": [],
            "self_link": "https://www.googleapis.com/compute/v1/projects/chmurki-329715/regions/europe-west3/subnetworks/servers2",
            "stack_type": "IPV4_ONLY",
            "timeouts": null
          },
          "sensitive_attributes": [],
          "private": "eyJlMmJmYjczMC1lY2FhLTExZTYtOGY4OC0zNDM2M2JjN2M0YzAiOnsiY3JlYXRlIjozNjAwMDAwMDAwMDAsImRlbGV0ZSI6MzYwMDAwMDAwMDAwLCJ1cGRhdGUiOjM2MDAwMDAwMDAwMH19",
          "dependencies": [
            "google_compute_network.main_network2"
          ]
        }
      ]
    },
    {
      "mode": "managed",
      "type": "google_sql_database",
      "name": "users",
      "provider": "provider[\"registry.terraform.io/hashicorp/google\"]",
      "instances": [
        {
          "schema_version": 0,
          "attributes": {
            "charset": "utf8mb4",
            "collation": "utf8mb4_0900_ai_ci",
            "id": "projects/chmurki-329715/instances/database-instance-public-ip/databases/users-database",
            "instance": "database-instance-public-ip",
            "name": "users-database",
            "project": "chmurki-329715",
            "self_link": "https://sqladmin.googleapis.com/sql/v1beta4/projects/chmurki-329715/instances/database-instance-public-ip/databases/users-database",
            "timeouts": null
          },
          "sensitive_attributes": [],
          "private": "eyJlMmJmYjczMC1lY2FhLTExZTYtOGY4OC0zNDM2M2JjN2M0YzAiOnsiY3JlYXRlIjo5MDAwMDAwMDAwMDAsImRlbGV0ZSI6NjAwMDAwMDAwMDAwLCJ1cGRhdGUiOjYwMDAwMDAwMDAwMH19",
          "dependencies": [
            "google_compute_address.public_ip2",
            "google_sql_database_instance.database"
          ]
        }
      ]
    },
    {
      "mode": "managed",
      "type": "google_sql_database_instance",
      "name": "database",
      "provider": "provider[\"registry.terraform.io/hashicorp/google\"]",
      "instances": [
        {
          "schema_version": 0,
          "attributes": {
            "clone": [],
            "connection_name": "chmurki-329715:europe-west3:database-instance-public-ip",
            "database_version": "MYSQL_8_0",
            "deletion_protection": false,
            "first_ip_address": "34.107.42.84",
            "id": "database-instance-public-ip",
            "ip_address": [
              {
                "ip_address": "34.107.42.84",
                "time_to_retire": "",
                "type": "PRIMARY"
              }
            ],
            "master_instance_name": "",
            "name": "database-instance-public-ip",
            "private_ip_address": "",
            "project": "chmurki-329715",
            "public_ip_address": "34.107.42.84",
            "region": "europe-west3",
            "replica_configuration": [],
            "restore_backup_context": [],
            "root_password": null,
            "self_link": "https://sqladmin.googleapis.com/sql/v1beta4/projects/chmurki-329715/instances/database-instance-public-ip",
            "server_ca_cert": [
              {
                "cert": "-----BEGIN CERTIFICATE-----\nMIIDfzCCAmegAwIBAgIBADANBgkqhkiG9w0BAQsFADB3MS0wKwYDVQQuEyQzYWYw\nM2FlMy02MjcyLTRlNmYtYWY4Yy1lNDMwZGQ4NDNhY2UxIzAhBgNVBAMTGkdvb2ds\nZSBDbG91ZCBTUUwgU2VydmVyIENBMRQwEgYDVQQKEwtHb29nbGUsIEluYzELMAkG\nA1UEBhMCVVMwHhcNMjExMTI4MjEzNjIzWhcNMzExMTI2MjEzNzIzWjB3MS0wKwYD\nVQQuEyQzYWYwM2FlMy02MjcyLTRlNmYtYWY4Yy1lNDMwZGQ4NDNhY2UxIzAhBgNV\nBAMTGkdvb2dsZSBDbG91ZCBTUUwgU2VydmVyIENBMRQwEgYDVQQKEwtHb29nbGUs\nIEluYzELMAkGA1UEBhMCVVMwggEiMA0GCSqGSIb3DQEBAQUAA4IBDwAwggEKAoIB\nAQCJyLXyBdD3e1PMeTb3SYYy095P/vgMgqODqo1DEGMRttcKhtbP/aAIwAQZECez\nVzvxsPK/sz/RyFqjV+a6x4kEcV03k+GCjD9ngPkyazBxQtgOgu0z3osNWCcGXIyL\nrxN9kkoMdRjQ3dwolnItEweHEcfH9s5JAjattUGmcz8k4vX0ytr7q9YmfSoPVYJu\n5dhDcPkXf1+1GdQ1ycf1L6naTaTUihN3Un3Yo0UYeyESIJrhSO4D+FNaPFaFdG3j\np1eiipT1/OgVVyoI1Csm1wg3eEsQqjSjuM54sTY66W5qyqjMARz8V5GYu5otfUJH\nXxt5HmxUA4ygllIhlSI54G/RAgMBAAGjFjAUMBIGA1UdEwEB/wQIMAYBAf8CAQAw\nDQYJKoZIhvcNAQELBQADggEBABufuDkTqalwJf841JqNI0E0Uyi8quW9sv0sTcxG\nT7n2h1GR5I23MON4LVT58P7Gt8y0De3O8JPHKEg6dHBcULvYM9dYOQFPeE7YvzNk\nhkGo7sfp8tVcR4pfHJA+1UIipR6daAB+pcwVcKxVx92J/4RmEGjZAitW5584v5nc\nuZVyoXUi8yzMXEsE/isDvCc2t+CvrhG5ZIhHctVOHaKPq4BsOjA2O0ZN9xibstBY\nQqMyBTaNtl+DCP3cPeCUp6i/PHbZiKAXCGZGAyrjv4ra2Qmzis+2KYiQzhcbqcoK\nKIWzJkiMF+a6ujId5rLFMl59+jG2CHyRDaaXw1sst4X6gHE=\n-----END CERTIFICATE-----",
                "common_name": "C=US,O=Google\\, Inc,CN=Google Cloud SQL Server CA,dnQualifier=3af03ae3-6272-4e6f-af8c-e430dd843ace",
                "create_time": "2021-11-28T21:36:23.700Z",
                "expiration_time": "2031-11-26T21:37:23.700Z",
                "sha1_fingerprint": "093ab0a2f0331c103d2bba657b252f628534b6d7"
              }
            ],
            "service_account_email_address": "p350899304850-dsvqz0@gcp-sa-cloud-sql.iam.gserviceaccount.com",
            "settings": [
              {
                "activation_policy": "ALWAYS",
                "availability_type": "ZONAL",
                "backup_configuration": [
                  {
                    "backup_retention_settings": [
                      {
                        "retained_backups": 7,
                        "retention_unit": "COUNT"
                      }
                    ],
                    "binary_log_enabled": false,
                    "enabled": false,
                    "location": "",
                    "point_in_time_recovery_enabled": false,
                    "start_time": "07:00",
                    "transaction_log_retention_days": 7
                  }
                ],
                "collation": "",
                "database_flags": [],
                "disk_autoresize": true,
                "disk_autoresize_limit": 0,
                "disk_size": 10,
                "disk_type": "PD_SSD",
                "insights_config": [],
                "ip_configuration": [
                  {
                    "authorized_networks": [
                      {
                        "expiration_time": "",
                        "name": "myserver",
                        "value": "34.159.238.149"
                      }
                    ],
                    "ipv4_enabled": true,
                    "private_network": "",
                    "require_ssl": false
                  }
                ],
                "location_preference": [
                  {
                    "follow_gae_application": "",
                    "zone": "europe-west3-b"
                  }
                ],
                "maintenance_window": [],
                "pricing_plan": "PER_USE",
                "tier": "db-f1-micro",
                "user_labels": {},
                "version": 1
              }
            ],
            "timeouts": null
          },
          "sensitive_attributes": [],
          "private": "eyJlMmJmYjczMC1lY2FhLTExZTYtOGY4OC0zNDM2M2JjN2M0YzAiOnsiY3JlYXRlIjoxODAwMDAwMDAwMDAwLCJkZWxldGUiOjE4MDAwMDAwMDAwMDAsInVwZGF0ZSI6MTgwMDAwMDAwMDAwMH19",
          "dependencies": [
            "google_compute_address.public_ip2"
          ]
        }
      ]
    },
    {
      "mode": "managed",
      "type": "google_sql_user",
      "name": "database_user",
      "provider": "provider[\"registry.terraform.io/hashicorp/google\"]",
      "instances": [
        {
          "schema_version": 1,
          "attributes": {
            "deletion_policy": null,
            "host": "",
            "id": "databaseuser//database-instance-public-ip",
            "instance": "database-instance-public-ip",
            "name": "databaseuser",
            "password": "databaseuser",
            "project": "chmurki-329715",
            "timeouts": null,
            "type": ""
          },
          "sensitive_attributes": [],
          "private": "eyJlMmJmYjczMC1lY2FhLTExZTYtOGY4OC0zNDM2M2JjN2M0YzAiOnsiY3JlYXRlIjo2MDAwMDAwMDAwMDAsImRlbGV0ZSI6NjAwMDAwMDAwMDAwLCJ1cGRhdGUiOjYwMDAwMDAwMDAwMH0sInNjaGVtYV92ZXJzaW9uIjoiMSJ9",
          "dependencies": [
            "google_sql_database_instance.database",
            "google_compute_address.public_ip2"
          ]
        }
      ]
    },
    {
      "module": "module.firewall_rules2",
      "mode": "managed",
      "type": "google_compute_firewall",
      "name": "rules",
      "provider": "provider[\"registry.terraform.io/hashicorp/google\"]",
      "instances": [
        {
          "index_key": "allow-ssh-ingress2",
          "schema_version": 1,
          "attributes": {
            "allow": [
              {
                "ports": [
                  "22"
                ],
                "protocol": "tcp"
              }
            ],
            "creation_timestamp": "2021-11-28T14:19:50.491-08:00",
            "deny": [],
            "description": "",
            "destination_ranges": [],
            "direction": "INGRESS",
            "disabled": false,
            "enable_logging": null,
            "id": "projects/chmurki-329715/global/firewalls/allow-ssh-ingress2",
            "log_config": [
              {
                "metadata": "INCLUDE_ALL_METADATA"
              }
            ],
            "name": "allow-ssh-ingress2",
            "network": "https://www.googleapis.com/compute/v1/projects/chmurki-329715/global/networks/main2",
            "priority": 1000,
            "project": "chmurki-329715",
            "self_link": "https://www.googleapis.com/compute/v1/projects/chmurki-329715/global/firewalls/allow-ssh-ingress2",
            "source_ranges": [
              "79.110.199.238"
            ],
            "source_service_accounts": [],
            "source_tags": [],
            "target_service_accounts": [],
            "target_tags": [],
            "timeouts": null
          },
          "sensitive_attributes": [],
          "private": "eyJlMmJmYjczMC1lY2FhLTExZTYtOGY4OC0zNDM2M2JjN2M0YzAiOnsiY3JlYXRlIjoyNDAwMDAwMDAwMDAsImRlbGV0ZSI6MjQwMDAwMDAwMDAwLCJ1cGRhdGUiOjI0MDAwMDAwMDAwMH0sInNjaGVtYV92ZXJzaW9uIjoiMSJ9",
          "dependencies": [
            "google_compute_network.main_network2"
          ]
        }
      ]
    }
  ]
}
